
Microsoft Visual Studio Solution File, Format Version 12.00
Project("{FAE04EC0-301F-11D3-BF4B-00C04F79EFBC}") = "ArraySort", "ArraySort.csproj", "{AE2D4751-259A-4BB1-A8AF-588BEA0D27F2}"
EndProject
Global
	GlobalSection(SolutionConfigurationPlatforms) = preSolution
		Debug|Any CPU = Debug|Any CPU
		Release|Any CPU = Release|Any CPU
	EndGlobalSection
	GlobalSection(ProjectConfigurationPlatforms) = postSolution
		{AE2D4751-259A-4BB1-A8AF-588BEA0D27F2}.Debug|Any CPU.ActiveCfg = Debug|Any CPU
		{AE2D4751-259A-4BB1-A8AF-588BEA0D27F2}.Debug|Any CPU.Build.0 = Debug|Any CPU
		{AE2D4751-259A-4BB1-A8AF-588BEA0D27F2}.Release|Any CPU.ActiveCfg = Release|Any CPU
		{AE2D4751-259A-4BB1-A8AF-588BEA0D27F2}.Release|Any CPU.Build.0 = Release|Any CPU
	EndGlobalSection
EndGlobal
